
Microsoft Visual Studio Solution File, Format Version 12.00
# Visual Studio Version 17
VisualStudioVersion = 17.6.33829.357
MinimumVisualStudioVersion = 10.0.40219.1
Project("{9A19103F-16F7-4668-BE54-9A1E7A4F7556}") = "Users", "User\Users.csproj", "{886B9FCF-F1E0-411A-8FBF-002EACFE77E2}"
EndProject
Global
	GlobalSection(SolutionConfigurationPlatforms) = preSolution
		Debug|Any CPU = Debug|Any CPU
		Release|Any CPU = Release|Any CPU
	EndGlobalSection
	GlobalSection(ProjectConfigurationPlatforms) = postSolution
		{886B9FCF-F1E0-411A-8FBF-002EACFE77E2}.Debug|Any CPU.ActiveCfg = Debug|Any CPU
		{886B9FCF-F1E0-411A-8FBF-002EACFE77E2}.Debug|Any CPU.Build.0 = Debug|Any CPU
		{886B9FCF-F1E0-411A-8FBF-002EACFE77E2}.Release|Any CPU.ActiveCfg = Release|Any CPU
		{886B9FCF-F1E0-411A-8FBF-002EACFE77E2}.Release|Any CPU.Build.0 = Release|Any CPU
	EndGlobalSection
	GlobalSection(SolutionProperties) = preSolution
		HideSolutionNode = FALSE
	EndGlobalSection
	GlobalSection(ExtensibilityGlobals) = postSolution
		SolutionGuid = {E6115DA1-CDB0-40F5-B7AF-13DF736B2553}
	EndGlobalSection
EndGlobal
